
Microsoft Visual Studio Solution File, Format Version 12.00
# Visual Studio Version 16
VisualStudioVersion = 16.0.29609.76
MinimumVisualStudioVersion = 10.0.40219.1
Project("{FAE04EC0-301F-11D3-BF4B-00C04F79EFBC}") = "AuthenticationGoogle", "AuthenticationGoogle\AuthenticationGoogle.csproj", "{1F6903C7-5C94-45C0-A978-C0BB3ECF42F1}"
EndProject
Global
	GlobalSection(SolutionConfigurationPlatforms) = preSolution
		Debug|Any CPU = Debug|Any CPU
		Release|Any CPU = Release|Any CPU
	EndGlobalSection
	GlobalSection(ProjectConfigurationPlatforms) = postSolution
		{1F6903C7-5C94-45C0-A978-C0BB3ECF42F1}.Debug|Any CPU.ActiveCfg = Debug|Any CPU
		{1F6903C7-5C94-45C0-A978-C0BB3ECF42F1}.Debug|Any CPU.Build.0 = Debug|Any CPU
		{1F6903C7-5C94-45C0-A978-C0BB3ECF42F1}.Release|Any CPU.ActiveCfg = Release|Any CPU
		{1F6903C7-5C94-45C0-A978-C0BB3ECF42F1}.Release|Any CPU.Build.0 = Release|Any CPU
	EndGlobalSection
	GlobalSection(SolutionProperties) = preSolution
		HideSolutionNode = FALSE
	EndGlobalSection
	GlobalSection(ExtensibilityGlobals) = postSolution
		SolutionGuid = {1522DDE3-B491-4579-BE67-97B879B727C4}
	EndGlobalSection
EndGlobal
